// !$*UTF8*$!
{
	archiveVersion = 1;
	classes = {
	};
	objectVersion = 46;
	objects = {

/* Begin PBXBuildFile section */
		845C896E20BF178500820D9E /* Assets.xcassets in Resources */ = {isa = PBXBuildFile; fileRef = 845C896D20BF178500820D9E /* Assets.xcassets */; };
		C090BA401E6F5443002369FC /* AppDelegate.swift in Sources */ = {isa = PBXBuildFile; fileRef = C090BA3F1E6F5443002369FC /* AppDelegate.swift */; };
		C090BA421E6F5443002369FC /* ViewController.swift in Sources */ = {isa = PBXBuildFile; fileRef = C090BA411E6F5443002369FC /* ViewController.swift */; };
		C090BA451E6F5443002369FC /* Main.storyboard in Resources */ = {isa = PBXBuildFile; fileRef = C090BA431E6F5443002369FC /* Main.storyboard */; };
		C090BA4A1E6F5443002369FC /* LaunchScreen.storyboard in Resources */ = {isa = PBXBuildFile; fileRef = C090BA481E6F5443002369FC /* LaunchScreen.storyboard */; };
		C090BA521E6F56E8002369FC /* Constants.swift in Sources */ = {isa = PBXBuildFile; fileRef = C090BA511E6F56E8002369FC /* Constants.swift */; };
		C090BA541E6F6424002369FC /* Game.swift in Sources */ = {isa = PBXBuildFile; fileRef = C090BA531E6F6424002369FC /* Game.swift */; };
		C090BA561E70B895002369FC /* HelpViewController.swift in Sources */ = {isa = PBXBuildFile; fileRef = C090BA551E70B895002369FC /* HelpViewController.swift */; };
		C090BA5C1E7129C9002369FC /* CustomActivityView.swift in Sources */ = {isa = PBXBuildFile; fileRef = C090BA5B1E7129C9002369FC /* CustomActivityView.swift */; };
		C090BA5E1E7135F5002369FC /* NewGameViewController.swift in Sources */ = {isa = PBXBuildFile; fileRef = C090BA5D1E7135F5002369FC /* NewGameViewController.swift */; };
		C09BAB2B1E71ADFA004DCAED /* rules.html in Resources */ = {isa = PBXBuildFile; fileRef = C09BAB2A1E71ADFA004DCAED /* rules.html */; };
		C09BAB2D1E71C3EC004DCAED /* SimpleSplashController.swift in Sources */ = {isa = PBXBuildFile; fileRef = C09BAB2C1E71C3EC004DCAED /* SimpleSplashController.swift */; };
/* End PBXBuildFile section */

/* Begin PBXFileReference section */
		845C896D20BF178500820D9E /* Assets.xcassets */ = {isa = PBXFileReference; lastKnownFileType = folder.assetcatalog; path = Assets.xcassets; sourceTree = "<group>"; };
		C090BA3C1E6F5443002369FC /* Reversi.app */ = {isa = PBXFileReference; explicitFileType = wrapper.application; includeInIndex = 0; path = Reversi.app; sourceTree = BUILT_PRODUCTS_DIR; };
		C090BA3F1E6F5443002369FC /* AppDelegate.swift */ = {isa = PBXFileReference; lastKnownFileType = sourcecode.swift; path = AppDelegate.swift; sourceTree = "<group>"; };
		C090BA411E6F5443002369FC /* ViewController.swift */ = {isa = PBXFileReference; lastKnownFileType = sourcecode.swift; path = ViewController.swift; sourceTree = "<group>"; };
		C090BA441E6F5443002369FC /* Base */ = {isa = PBXFileReference; lastKnownFileType = file.storyboard; name = Base; path = Base.lproj/Main.storyboard; sourceTree = "<group>"; };
		C090BA491E6F5443002369FC /* Base */ = {isa = PBXFileReference; lastKnownFileType = file.storyboard; name = Base; path = Base.lproj/LaunchScreen.storyboard; sourceTree = "<group>"; };
		C090BA4B1E6F5443002369FC /* Info.plist */ = {isa = PBXFileReference; lastKnownFileType = text.plist.xml; path = Info.plist; sourceTree = "<group>"; };
		C090BA511E6F56E8002369FC /* Constants.swift */ = {isa = PBXFileReference; fileEncoding = 4; lastKnownFileType = sourcecode.swift; path = Constants.swift; sourceTree = "<group>"; };
		C090BA531E6F6424002369FC /* Game.swift */ = {isa = PBXFileReference; fileEncoding = 4; lastKnownFileType = sourcecode.swift; path = Game.swift; sourceTree = "<group>"; };
		C090BA551E70B895002369FC /* HelpViewController.swift */ = {isa = PBXFileReference; fileEncoding = 4; lastKnownFileType = sourcecode.swift; path = HelpViewController.swift; sourceTree = "<group>"; };
		C090BA5B1E7129C9002369FC /* CustomActivityView.swift */ = {isa = PBXFileReference; fileEncoding = 4; lastKnownFileType = sourcecode.swift; path = CustomActivityView.swift; sourceTree = "<group>"; };
		C090BA5D1E7135F5002369FC /* NewGameViewController.swift */ = {isa = PBXFileReference; fileEncoding = 4; lastKnownFileType = sourcecode.swift; path = NewGameViewController.swift; sourceTree = "<group>"; };
		C09BAB2A1E71ADFA004DCAED /* rules.html */ = {isa = PBXFileReference; fileEncoding = 4; lastKnownFileType = text.html; path = rules.html; sourceTree = "<group>"; };
		C09BAB2C1E71C3EC004DCAED /* SimpleSplashController.swift */ = {isa = PBXFileReference; fileEncoding = 4; lastKnownFileType = sourcecode.swift; path = SimpleSplashController.swift; sourceTree = "<group>"; };
/* End PBXFileReference section */

/* Begin PBXFrameworksBuildPhase section */
		C090BA391E6F5442002369FC /* Frameworks */ = {
			isa = PBXFrameworksBuildPhase;
			buildActionMask = 2147483647;
			files = (
			);
			runOnlyForDeploymentPostprocessing = 0;
		};
/* End PBXFrameworksBuildPhase section */

/* Begin PBXGroup section */
		C090BA331E6F5442002369FC = {
			isa = PBXGroup;
			children = (
				C090BA3E1E6F5443002369FC /* Reversi */,
				C090BA3D1E6F5443002369FC /* Products */,
			);
			sourceTree = "<group>";
		};
		C090BA3D1E6F5443002369FC /* Products */ = {
			isa = PBXGroup;
			children = (
				C090BA3C1E6F5443002369FC /* Reversi.app */,
			);
			name = Products;
			sourceTree = "<group>";
		};
		C090BA3E1E6F5443002369FC /* Reversi */ = {
			isa = PBXGroup;
			children = (
				845C896D20BF178500820D9E /* Assets.xcassets */,
				C090BA3F1E6F5443002369FC /* AppDelegate.swift */,
				C090BA411E6F5443002369FC /* ViewController.swift */,
				C090BA5B1E7129C9002369FC /* CustomActivityView.swift */,
				C090BA431E6F5443002369FC /* Main.storyboard */,
				C090BA481E6F5443002369FC /* LaunchScreen.storyboard */,
				C090BA4B1E6F5443002369FC /* Info.plist */,
				C090BA511E6F56E8002369FC /* Constants.swift */,
				C090BA531E6F6424002369FC /* Game.swift */,
				C090BA551E70B895002369FC /* HelpViewController.swift */,
				C090BA5D1E7135F5002369FC /* NewGameViewController.swift */,
				C09BAB2A1E71ADFA004DCAED /* rules.html */,
				C09BAB2C1E71C3EC004DCAED /* SimpleSplashController.swift */,
			);
			path = Reversi;
			sourceTree = "<group>";
		};
/* End PBXGroup section */

/* Begin PBXNativeTarget section */
		C090BA3B1E6F5442002369FC /* Reversi */ = {
			isa = PBXNativeTarget;
			buildConfigurationList = C090BA4E1E6F5443002369FC /* Build configuration list for PBXNativeTarget "Reversi" */;
			buildPhases = (
				C090BA381E6F5442002369FC /* Sources */,
				C090BA391E6F5442002369FC /* Frameworks */,
				C090BA3A1E6F5442002369FC /* Resources */,
			);
			buildRules = (
			);
			dependencies = (
			);
			name = Reversi;
			productName = Reversi;
			productReference = C090BA3C1E6F5443002369FC /* Reversi.app */;
			productType = "com.apple.product-type.application";
		};
/* End PBXNativeTarget section */

/* Begin PBXProject section */
		C090BA341E6F5442002369FC /* Project object */ = {
			isa = PBXProject;
			attributes = {
				LastSwiftUpdateCheck = 0820;
				LastUpgradeCheck = 0820;
				ORGANIZATIONNAME = "bill harper";
				TargetAttributes = {
					C090BA3B1E6F5442002369FC = {
						CreatedOnToolsVersion = 8.2.1;
						DevelopmentTeam = Z27PX7Z289;
						ProvisioningStyle = Automatic;
					};
				};
			};
			buildConfigurationList = C090BA371E6F5442002369FC /* Build configuration list for PBXProject "Reversi" */;
			compatibilityVersion = "Xcode 3.2";
			developmentRegion = English;
			hasScannedForEncodings = 0;
			knownRegions = (
				en,
				Base,
			);
			mainGroup = C090BA331E6F5442002369FC;
			productRefGroup = C090BA3D1E6F5443002369FC /* Products */;
			projectDirPath = "";
			projectRoot = "";
			targets = (
				C090BA3B1E6F5442002369FC /* Reversi */,
			);
		};
/* End PBXProject section */

/* Begin PBXResourcesBuildPhase section */
		C090BA3A1E6F5442002369FC /* Resources */ = {
			isa = PBXResourcesBuildPhase;
			buildActionMask = 2147483647;
			files = (
				C09BAB2B1E71ADFA004DCAED /* rules.html in Resources */,
				C090BA4A1E6F5443002369FC /* LaunchScreen.storyboard in Resources */,
				845C896E20BF178500820D9E /* Assets.xcassets in Resources */,
				C090BA451E6F5443002369FC /* Main.storyboard in Resources */,
			);
			runOnlyForDeploymentPostprocessing = 0;
		};
/* End PBXResourcesBuildPhase section */

/* Begin PBXSourcesBuildPhase section */
		C090BA381E6F5442002369FC /* Sources */ = {
			isa = PBXSourcesBuildPhase;
			buildActionMask = 2147483647;
			files = (
				C090BA421E6F5443002369FC /* ViewController.swift in Sources */,
				C090BA5E1E7135F5002369FC /* NewGameViewController.swift in Sources */,
				C090BA401E6F5443002369FC /* AppDelegate.swift in Sources */,
				C090BA5C1E7129C9002369FC /* CustomActivityView.swift in Sources */,
				C090BA521E6F56E8002369FC /* Constants.swift in Sources */,
				C090BA541E6F6424002369FC /* Game.swift in Sources */,
				C09BAB2D1E71C3EC004DCAED /* SimpleSplashController.swift in Sources */,
				C090BA561E70B895002369FC /* HelpViewController.swift in Sources */,
			);
			runOnlyForDeploymentPostprocessing = 0;
		};
/* End PBXSourcesBuildPhase section */

/* Begin PBXVariantGroup section */
		C090BA431E6F5443002369FC /* Main.storyboard */ = {
			isa = PBXVariantGroup;
			children = (
				C090BA441E6F5443002369FC /* Base */,
			);
			name = Main.storyboard;
			sourceTree = "<group>";
		};
		C090BA481E6F5443002369FC /* LaunchScreen.storyboard */ = {
			isa = PBXVariantGroup;
			children = (
				C090BA491E6F5443002369FC /* Base */,
			);
			name = LaunchScreen.storyboard;
			sourceTree = "<group>";
		};
/* End PBXVariantGroup section */

/* Begin XCBuildConfiguration section */
		C090BA4C1E6F5443002369FC /* Debug */ = {
			isa = XCBuildConfiguration;
			buildSettings = {
				ALWAYS_SEARCH_USER_PATHS = NO;
				CLANG_ANALYZER_NONNULL = YES;
				CLANG_CXX_LANGUAGE_STANDARD = "gnu++0x";
				CLANG_CXX_LIBRARY = "libc++";
				CLANG_ENABLE_MODULES = YES;
				CLANG_ENABLE_OBJC_ARC = YES;
				CLANG_WARN_BOOL_CONVERSION = YES;
				CLANG_WARN_CONSTANT_CONVERSION = YES;
				CLANG_WARN_DIRECT_OBJC_ISA_USAGE = YES_ERROR;
				CLANG_WARN_DOCUMENTATION_COMMENTS = YES;
				CLANG_WARN_EMPTY_BODY = YES;
				CLANG_WARN_ENUM_CONVERSION = YES;
				CLANG_WARN_INFINITE_RECURSION = YES;
				CLANG_WARN_INT_CONVERSION = YES;
				CLANG_WARN_OBJC_ROOT_CLASS = YES_ERROR;
				CLANG_WARN_SUSPICIOUS_MOVE = YES;
				CLANG_WARN_UNREACHABLE_CODE = YES;
				CLANG_WARN__DUPLICATE_METHOD_MATCH = YES;
				"CODE_SIGN_IDENTITY[sdk=iphoneos*]" = "iPhone Developer";
				COPY_PHASE_STRIP = NO;
				DEBUG_INFORMATION_FORMAT = dwarf;
				ENABLE_STRICT_OBJC_MSGSEND = YES;
				ENABLE_TESTABILITY = YES;
				GCC_C_LANGUAGE_STANDARD = gnu99;
				GCC_DYNAMIC_NO_PIC = NO;
				GCC_NO_COMMON_BLOCKS = YES;
				GCC_OPTIMIZATION_LEVEL = 0;
				GCC_PREPROCESSOR_DEFINITIONS = (
					"DEBUG=1",
					"$(inherited)",
				);
				GCC_WARN_64_TO_32_BIT_CONVERSION = YES;
				GCC_WARN_ABOUT_RETURN_TYPE = YES_ERROR;
				GCC_WARN_UNDECLARED_SELECTOR = YES;
				GCC_WARN_UNINITIALIZED_AUTOS = YES_AGGRESSIVE;
				GCC_WARN_UNUSED_FUNCTION = YES;
				GCC_WARN_UNUSED_VARIABLE = YES;
				IPHONEOS_DEPLOYMENT_TARGET = 10.2;
				MTL_ENABLE_DEBUG_INFO = YES;
				ONLY_ACTIVE_ARCH = YES;
				SDKROOT = iphoneos;
				SWIFT_ACTIVE_COMPILATION_CONDITIONS = DEBUG;
				SWIFT_OPTIMIZATION_LEVEL = "-Onone";
				TARGETED_DEVICE_FAMILY = "1,2";
			};
			name = Debug;
		};
		C090BA4D1E6F5443002369FC /* Release */ = {
			isa = XCBuildConfiguration;
			buildSettings = {
				ALWAYS_SEARCH_USER_PATHS = NO;
				CLANG_ANALYZER_NONNULL = YES;
				CLANG_CXX_LANGUAGE_STANDARD = "gnu++0x";
				CLANG_CXX_LIBRARY = "libc++";
				CLANG_ENABLE_MODULES = YES;
				CLANG_ENABLE_OBJC_ARC = YES;
				CLANG_WARN_BOOL_CONVERSION = YES;
				CLANG_WARN_CONSTANT_CONVERSION = YES;
				CLANG_WARN_DIRECT_OBJC_ISA_USAGE = YES_ERROR;
				CLANG_WARN_DOCUMENTATION_COMMENTS = YES;
				CLANG_WARN_EMPTY_BODY = YES;
				CLANG_WARN_ENUM_CONVERSION = YES;
				CLANG_WARN_INFINITE_RECURSION = YES;
				CLANG_WARN_INT_CONVERSION = YES;
				CLANG_WARN_OBJC_ROOT_CLASS = YES_ERROR;
				CLANG_WARN_SUSPICIOUS_MOVE = YES;
				CLANG_WARN_UNREACHABLE_CODE = YES;
				CLANG_WARN__DUPLICATE_METHOD_MATCH = YES;
				"CODE_SIGN_IDENTITY[sdk=iphoneos*]" = "iPhone Developer";
				COPY_PHASE_STRIP = NO;
				DEBUG_INFORMATION_FORMAT = "dwarf-with-dsym";
				ENABLE_NS_ASSERTIONS = NO;
				ENABLE_STRICT_OBJC_MSGSEND = YES;
				GCC_C_LANGUAGE_STANDARD = gnu99;
				GCC_NO_COMMON_BLOCKS = YES;
				GCC_WARN_64_TO_32_BIT_CONVERSION = YES;
				GCC_WARN_ABOUT_RETURN_TYPE = YES_ERROR;
				GCC_WARN_UNDECLARED_SELECTOR = YES;
				GCC_WARN_UNINITIALIZED_AUTOS = YES_AGGRESSIVE;
				GCC_WARN_UNUSED_FUNCTION = YES;
				GCC_WARN_UNUSED_VARIABLE = YES;
				IPHONEOS_DEPLOYMENT_TARGET = 10.2;
				MTL_ENABLE_DEBUG_INFO = NO;
				SDKROOT = iphoneos;
				SWIFT_OPTIMIZATION_LEVEL = "-Owholemodule";
				TARGETED_DEVICE_FAMILY = "1,2";
				VALIDATE_PRODUCT = YES;
			};
			name = Release;
		};
		C090BA4F1E6F5443002369FC /* Debug */ = {
			isa = XCBuildConfiguration;
			buildSettings = {
				ASSETCATALOG_COMPILER_APPICON_NAME = AppIcon;
				DEVELOPMENT_TEAM = Z27PX7Z289;
				INFOPLIST_FILE = Reversi/Info.plist;
				LD_RUNPATH_SEARCH_PATHS = "$(inherited) @executable_path/Frameworks";
				PRODUCT_BUNDLE_IDENTIFIER = com.ixerol.Reversi;
				PRODUCT_NAME = "$(TARGET_NAME)";
				SWIFT_VERSION = 4.0;
				TARGETED_DEVICE_FAMILY = 1;
			};
			name = Debug;
		};
		C090BA501E6F5443002369FC /* Release */ = {
			isa = XCBuildConfiguration;
			buildSettings = {
				ASSETCATALOG_COMPILER_APPICON_NAME = AppIcon;
				DEVELOPMENT_TEAM = Z27PX7Z289;
				INFOPLIST_FILE = Reversi/Info.plist;
				LD_RUNPATH_SEARCH_PATHS = "$(inherited) @executable_path/Frameworks";
				PRODUCT_BUNDLE_IDENTIFIER = com.ixerol.Reversi;
				PRODUCT_NAME = "$(TARGET_NAME)";
				SWIFT_VERSION = 4.0;
				TARGETED_DEVICE_FAMILY = 1;
			};
			name = Release;
		};
/* End XCBuildConfiguration section */

/* Begin XCConfigurationList section */
		C090BA371E6F5442002369FC /* Build configuration list for PBXProject "Reversi" */ = {
			isa = XCConfigurationList;
			buildConfigurations = (
				C090BA4C1E6F5443002369FC /* Debug */,
				C090BA4D1E6F5443002369FC /* Release */,
			);
			defaultConfigurationIsVisible = 0;
			defaultConfigurationName = Release;
		};
		C090BA4E1E6F5443002369FC /* Build configuration list for PBXNativeTarget "Reversi" */ = {
			isa = XCConfigurationList;
			buildConfigurations = (
				C090BA4F1E6F5443002369FC /* Debug */,
				C090BA501E6F5443002369FC /* Release */,
			);
			defaultConfigurationIsVisible = 0;
			defaultConfigurationName = Release;
		};
/* End XCConfigurationList section */
	};
	rootObject = C090BA341E6F5442002369FC /* Project object */;
}
